
Microsoft Visual Studio Solution File, Format Version 12.00
# Visual Studio Version 17
VisualStudioVersion = 17.11.35103.136
MinimumVisualStudioVersion = 10.0.40219.1
Project("{9A19103F-16F7-4668-BE54-9A1E7A4F7556}") = "Expose", "Expose\Expose.csproj", "{FF888015-1AA6-4378-AF38-05F9CE4D5BD8}"
EndProject
Project("{FAE04EC0-301F-11D3-BF4B-00C04F79EFBC}") = "Expose.Tests", "Expose.Tests\Expose.Tests.csproj", "{0739A8FC-F217-42E2-9D88-4ECEADEBC57F}"
EndProject
Global
	GlobalSection(SolutionConfigurationPlatforms) = preSolution
		Debug|Any CPU = Debug|Any CPU
		Release|Any CPU = Release|Any CPU
	EndGlobalSection
	GlobalSection(ProjectConfigurationPlatforms) = postSolution
		{FF888015-1AA6-4378-AF38-05F9CE4D5BD8}.Debug|Any CPU.ActiveCfg = Debug|Any CPU
		{FF888015-1AA6-4378-AF38-05F9CE4D5BD8}.Debug|Any CPU.Build.0 = Debug|Any CPU
		{FF888015-1AA6-4378-AF38-05F9CE4D5BD8}.Release|Any CPU.ActiveCfg = Release|Any CPU
		{FF888015-1AA6-4378-AF38-05F9CE4D5BD8}.Release|Any CPU.Build.0 = Release|Any CPU
		{0739A8FC-F217-42E2-9D88-4ECEADEBC57F}.Debug|Any CPU.ActiveCfg = Debug|Any CPU
		{0739A8FC-F217-42E2-9D88-4ECEADEBC57F}.Debug|Any CPU.Build.0 = Debug|Any CPU
		{0739A8FC-F217-42E2-9D88-4ECEADEBC57F}.Release|Any CPU.ActiveCfg = Release|Any CPU
		{0739A8FC-F217-42E2-9D88-4ECEADEBC57F}.Release|Any CPU.Build.0 = Release|Any CPU
	EndGlobalSection
	GlobalSection(SolutionProperties) = preSolution
		HideSolutionNode = FALSE
	EndGlobalSection
	GlobalSection(ExtensibilityGlobals) = postSolution
		SolutionGuid = {070DA0F5-50EC-48FA-A5F1-E2CF91BCCEE6}
	EndGlobalSection
EndGlobal
